
Microsoft Visual Studio Solution File, Format Version 12.00
# Visual Studio Version 17
VisualStudioVersion = 17.4.33403.182
MinimumVisualStudioVersion = 10.0.40219.1
Project("{888888A0-9F3D-457C-B088-3A5042F75D52}") = "level_editor", "level_editor\level_editor.pyproj", "{BF64B849-31BD-4F9F-BDF2-DC40DC3EDFB9}"
EndProject
Global
	GlobalSection(SolutionConfigurationPlatforms) = preSolution
		Debug|Any CPU = Debug|Any CPU
		Release|Any CPU = Release|Any CPU
	EndGlobalSection
	GlobalSection(ProjectConfigurationPlatforms) = postSolution
		{BF64B849-31BD-4F9F-BDF2-DC40DC3EDFB9}.Debug|Any CPU.ActiveCfg = Debug|Any CPU
		{BF64B849-31BD-4F9F-BDF2-DC40DC3EDFB9}.Release|Any CPU.ActiveCfg = Release|Any CPU
	EndGlobalSection
	GlobalSection(SolutionProperties) = preSolution
		HideSolutionNode = FALSE
	EndGlobalSection
	GlobalSection(ExtensibilityGlobals) = postSolution
		SolutionGuid = {00A48220-95C5-4D0F-9E8B-2BDB4760717E}
	EndGlobalSection
EndGlobal
